// !$*UTF8*$!
{
	archiveVersion = 1;
	classes = {
	};
	objectVersion = 46;
	objects = {

/* Begin PBXBuildFile section */
		C573C13F1E68607C002BE3CA /* AppDelegate.swift in Sources */ = {isa = PBXBuildFile; fileRef = C573C13E1E68607C002BE3CA /* AppDelegate.swift */; };
		C573C1411E68607C002BE3CA /* ViewController.swift in Sources */ = {isa = PBXBuildFile; fileRef = C573C1401E68607C002BE3CA /* ViewController.swift */; };
		C573C1441E68607C002BE3CA /* Main.storyboard in Resources */ = {isa = PBXBuildFile; fileRef = C573C1421E68607C002BE3CA /* Main.storyboard */; };
		C573C1461E68607C002BE3CA /* Assets.xcassets in Resources */ = {isa = PBXBuildFile; fileRef = C573C1451E68607C002BE3CA /* Assets.xcassets */; };
		C573C1491E68607C002BE3CA /* LaunchScreen.storyboard in Resources */ = {isa = PBXBuildFile; fileRef = C573C1471E68607C002BE3CA /* LaunchScreen.storyboard */; };
		C573C1541E68607C002BE3CA /* bhkTests.swift in Sources */ = {isa = PBXBuildFile; fileRef = C573C1531E68607C002BE3CA /* bhkTests.swift */; };
		C573C15F1E68607C002BE3CA /* bhkUITests.swift in Sources */ = {isa = PBXBuildFile; fileRef = C573C15E1E68607C002BE3CA /* bhkUITests.swift */; };
/* End PBXBuildFile section */

/* Begin PBXContainerItemProxy section */
		C573C1501E68607C002BE3CA /* PBXContainerItemProxy */ = {
			isa = PBXContainerItemProxy;
			containerPortal = C573C1331E68607C002BE3CA /* Project object */;
			proxyType = 1;
			remoteGlobalIDString = C573C13A1E68607C002BE3CA;
			remoteInfo = bhk;
		};
		C573C15B1E68607C002BE3CA /* PBXContainerItemProxy */ = {
			isa = PBXContainerItemProxy;
			containerPortal = C573C1331E68607C002BE3CA /* Project object */;
			proxyType = 1;
			remoteGlobalIDString = C573C13A1E68607C002BE3CA;
			remoteInfo = bhk;
		};
/* End PBXContainerItemProxy section */

/* Begin PBXFileReference section */
		C573C13B1E68607C002BE3CA /* bhk.app */ = {isa = PBXFileReference; explicitFileType = wrapper.application; includeInIndex = 0; path = bhk.app; sourceTree = BUILT_PRODUCTS_DIR; };
		C573C13E1E68607C002BE3CA /* AppDelegate.swift */ = {isa = PBXFileReference; lastKnownFileType = sourcecode.swift; path = AppDelegate.swift; sourceTree = "<group>"; };
		C573C1401E68607C002BE3CA /* ViewController.swift */ = {isa = PBXFileReference; lastKnownFileType = sourcecode.swift; path = ViewController.swift; sourceTree = "<group>"; };
		C573C1431E68607C002BE3CA /* Base */ = {isa = PBXFileReference; lastKnownFileType = file.storyboard; name = Base; path = Base.lproj/Main.storyboard; sourceTree = "<group>"; };
		C573C1451E68607C002BE3CA /* Assets.xcassets */ = {isa = PBXFileReference; lastKnownFileType = folder.assetcatalog; path = Assets.xcassets; sourceTree = "<group>"; };
		C573C1481E68607C002BE3CA /* Base */ = {isa = PBXFileReference; lastKnownFileType = file.storyboard; name = Base; path = Base.lproj/LaunchScreen.storyboard; sourceTree = "<group>"; };
		C573C14A1E68607C002BE3CA /* Info.plist */ = {isa = PBXFileReference; lastKnownFileType = text.plist.xml; path = Info.plist; sourceTree = "<group>"; };
		C573C14F1E68607C002BE3CA /* bhkTests.xctest */ = {isa = PBXFileReference; explicitFileType = wrapper.cfbundle; includeInIndex = 0; path = bhkTests.xctest; sourceTree = BUILT_PRODUCTS_DIR; };
		C573C1531E68607C002BE3CA /* bhkTests.swift */ = {isa = PBXFileReference; lastKnownFileType = sourcecode.swift; path = bhkTests.swift; sourceTree = "<group>"; };
		C573C1551E68607C002BE3CA /* Info.plist */ = {isa = PBXFileReference; lastKnownFileType = text.plist.xml; path = Info.plist; sourceTree = "<group>"; };
		C573C15A1E68607C002BE3CA /* bhkUITests.xctest */ = {isa = PBXFileReference; explicitFileType = wrapper.cfbundle; includeInIndex = 0; path = bhkUITests.xctest; sourceTree = BUILT_PRODUCTS_DIR; };
		C573C15E1E68607C002BE3CA /* bhkUITests.swift */ = {isa = PBXFileReference; lastKnownFileType = sourcecode.swift; path = bhkUITests.swift; sourceTree = "<group>"; };
		C573C1601E68607C002BE3CA /* Info.plist */ = {isa = PBXFileReference; lastKnownFileType = text.plist.xml; path = Info.plist; sourceTree = "<group>"; };
/* End PBXFileReference section */

/* Begin PBXFrameworksBuildPhase section */
		C573C1381E68607C002BE3CA /* Frameworks */ = {
			isa = PBXFrameworksBuildPhase;
			buildActionMask = 2147483647;
			files = (
			);
			runOnlyForDeploymentPostprocessing = 0;
		};
		C573C14C1E68607C002BE3CA /* Frameworks */ = {
			isa = PBXFrameworksBuildPhase;
			buildActionMask = 2147483647;
			files = (
			);
			runOnlyForDeploymentPostprocessing = 0;
		};
		C573C1571E68607C002BE3CA /* Frameworks */ = {
			isa = PBXFrameworksBuildPhase;
			buildActionMask = 2147483647;
			files = (
			);
			runOnlyForDeploymentPostprocessing = 0;
		};
/* End PBXFrameworksBuildPhase section */

/* Begin PBXGroup section */
		C573C1321E68607B002BE3CA = {
			isa = PBXGroup;
			children = (
				C573C13D1E68607C002BE3CA /* bhk */,
				C573C1521E68607C002BE3CA /* bhkTests */,
				C573C15D1E68607C002BE3CA /* bhkUITests */,
				C573C13C1E68607C002BE3CA /* Products */,
			);
			sourceTree = "<group>";
		};
		C573C13C1E68607C002BE3CA /* Products */ = {
			isa = PBXGroup;
			children = (
				C573C13B1E68607C002BE3CA /* bhk.app */,
				C573C14F1E68607C002BE3CA /* bhkTests.xctest */,
				C573C15A1E68607C002BE3CA /* bhkUITests.xctest */,
			);
			name = Products;
			sourceTree = "<group>";
		};
		C573C13D1E68607C002BE3CA /* bhk */ = {
			isa = PBXGroup;
			children = (
				C573C13E1E68607C002BE3CA /* AppDelegate.swift */,
				C573C1401E68607C002BE3CA /* ViewController.swift */,
				C573C1421E68607C002BE3CA /* Main.storyboard */,
				C573C1451E68607C002BE3CA /* Assets.xcassets */,
				C573C1471E68607C002BE3CA /* LaunchScreen.storyboard */,
				C573C14A1E68607C002BE3CA /* Info.plist */,
			);
			path = bhk;
			sourceTree = "<group>";
		};
		C573C1521E68607C002BE3CA /* bhkTests */ = {
			isa = PBXGroup;
			children = (
				C573C1531E68607C002BE3CA /* bhkTests.swift */,
				C573C1551E68607C002BE3CA /* Info.plist */,
			);
			path = bhkTests;
			sourceTree = "<group>";
		};
		C573C15D1E68607C002BE3CA /* bhkUITests */ = {
			isa = PBXGroup;
			children = (
				C573C15E1E68607C002BE3CA /* bhkUITests.swift */,
				C573C1601E68607C002BE3CA /* Info.plist */,
			);
			path = bhkUITests;
			sourceTree = "<group>";
		};
/* End PBXGroup section */

/* Begin PBXNativeTarget section */
		C573C13A1E68607C002BE3CA /* bhk */ = {
			isa = PBXNativeTarget;
			buildConfigurationList = C573C1631E68607C002BE3CA /* Build configuration list for PBXNativeTarget "bhk" */;
			buildPhases = (
				C573C1371E68607C002BE3CA /* Sources */,
				C573C1381E68607C002BE3CA /* Frameworks */,
				C573C1391E68607C002BE3CA /* Resources */,
			);
			buildRules = (
			);
			dependencies = (
			);
			name = bhk;
			productName = bhk;
			productReference = C573C13B1E68607C002BE3CA /* bhk.app */;
			productType = "com.apple.product-type.application";
		};
		C573C14E1E68607C002BE3CA /* bhkTests */ = {
			isa = PBXNativeTarget;
			buildConfigurationList = C573C1661E68607C002BE3CA /* Build configuration list for PBXNativeTarget "bhkTests" */;
			buildPhases = (
				C573C14B1E68607C002BE3CA /* Sources */,
				C573C14C1E68607C002BE3CA /* Frameworks */,
				C573C14D1E68607C002BE3CA /* Resources */,
			);
			buildRules = (
			);
			dependencies = (
				C573C1511E68607C002BE3CA /* PBXTargetDependency */,
			);
			name = bhkTests;
			productName = bhkTests;
			productReference = C573C14F1E68607C002BE3CA /* bhkTests.xctest */;
			productType = "com.apple.product-type.bundle.unit-test";
		};
		C573C1591E68607C002BE3CA /* bhkUITests */ = {
			isa = PBXNativeTarget;
			buildConfigurationList = C573C1691E68607C002BE3CA /* Build configuration list for PBXNativeTarget "bhkUITests" */;
			buildPhases = (
				C573C1561E68607C002BE3CA /* Sources */,
				C573C1571E68607C002BE3CA /* Frameworks */,
				C573C1581E68607C002BE3CA /* Resources */,
			);
			buildRules = (
			);
			dependencies = (
				C573C15C1E68607C002BE3CA /* PBXTargetDependency */,
			);
			name = bhkUITests;
			productName = bhkUITests;
			productReference = C573C15A1E68607C002BE3CA /* bhkUITests.xctest */;
			productType = "com.apple.product-type.bundle.ui-testing";
		};
/* End PBXNativeTarget section */

/* Begin PBXProject section */
		C573C1331E68607C002BE3CA /* Project object */ = {
			isa = PBXProject;
			attributes = {
				LastSwiftUpdateCheck = 0820;
				LastUpgradeCheck = 0820;
				ORGANIZATIONNAME = "Sawan Kumar";
				TargetAttributes = {
					C573C13A1E68607C002BE3CA = {
						CreatedOnToolsVersion = 8.2.1;
						DevelopmentTeam = V77QHBGR7U;
						ProvisioningStyle = Automatic;
					};
					C573C14E1E68607C002BE3CA = {
						CreatedOnToolsVersion = 8.2.1;
						DevelopmentTeam = V77QHBGR7U;
						ProvisioningStyle = Automatic;
						TestTargetID = C573C13A1E68607C002BE3CA;
					};
					C573C1591E68607C002BE3CA = {
						CreatedOnToolsVersion = 8.2.1;
						DevelopmentTeam = V77QHBGR7U;
						ProvisioningStyle = Automatic;
						TestTargetID = C573C13A1E68607C002BE3CA;
					};
				};
			};
			buildConfigurationList = C573C1361E68607C002BE3CA /* Build configuration list for PBXProject "bhk" */;
			compatibilityVersion = "Xcode 3.2";
			developmentRegion = English;
			hasScannedForEncodings = 0;
			knownRegions = (
				en,
				Base,
			);
			mainGroup = C573C1321E68607B002BE3CA;
			productRefGroup = C573C13C1E68607C002BE3CA /* Products */;
			projectDirPath = "";
			projectRoot = "";
			targets = (
				C573C13A1E68607C002BE3CA /* bhk */,
				C573C14E1E68607C002BE3CA /* bhkTests */,
				C573C1591E68607C002BE3CA /* bhkUITests */,
			);
		};
/* End PBXProject section */

/* Begin PBXResourcesBuildPhase section */
		C573C1391E68607C002BE3CA /* Resources */ = {
			isa = PBXResourcesBuildPhase;
			buildActionMask = 2147483647;
			files = (
				C573C1491E68607C002BE3CA /* LaunchScreen.storyboard in Resources */,
				C573C1461E68607C002BE3CA /* Assets.xcassets in Resources */,
				C573C1441E68607C002BE3CA /* Main.storyboard in Resources */,
			);
			runOnlyForDeploymentPostprocessing = 0;
		};
		C573C14D1E68607C002BE3CA /* Resources */ = {
			isa = PBXResourcesBuildPhase;
			buildActionMask = 2147483647;
			files = (
			);
			runOnlyForDeploymentPostprocessing = 0;
		};
		C573C1581E68607C002BE3CA /* Resources */ = {
			isa = PBXResourcesBuildPhase;
			buildActionMask = 2147483647;
			files = (
			);
			runOnlyForDeploymentPostprocessing = 0;
		};
/* End PBXResourcesBuildPhase section */

/* Begin PBXSourcesBuildPhase section */
		C573C1371E68607C002BE3CA /* Sources */ = {
			isa = PBXSourcesBuildPhase;
			buildActionMask = 2147483647;
			files = (
				C573C1411E68607C002BE3CA /* ViewController.swift in Sources */,
				C573C13F1E68607C002BE3CA /* AppDelegate.swift in Sources */,
			);
			runOnlyForDeploymentPostprocessing = 0;
		};
		C573C14B1E68607C002BE3CA /* Sources */ = {
			isa = PBXSourcesBuildPhase;
			buildActionMask = 2147483647;
			files = (
				C573C1541E68607C002BE3CA /* bhkTests.swift in Sources */,
			);
			runOnlyForDeploymentPostprocessing = 0;
		};
		C573C1561E68607C002BE3CA /* Sources */ = {
			isa = PBXSourcesBuildPhase;
			buildActionMask = 2147483647;
			files = (
				C573C15F1E68607C002BE3CA /* bhkUITests.swift in Sources */,
			);
			runOnlyForDeploymentPostprocessing = 0;
		};
/* End PBXSourcesBuildPhase section */

/* Begin PBXTargetDependency section */
		C573C1511E68607C002BE3CA /* PBXTargetDependency */ = {
			isa = PBXTargetDependency;
			target = C573C13A1E68607C002BE3CA /* bhk */;
			targetProxy = C573C1501E68607C002BE3CA /* PBXContainerItemProxy */;
		};
		C573C15C1E68607C002BE3CA /* PBXTargetDependency */ = {
			isa = PBXTargetDependency;
			target = C573C13A1E68607C002BE3CA /* bhk */;
			targetProxy = C573C15B1E68607C002BE3CA /* PBXContainerItemProxy */;
		};
/* End PBXTargetDependency section */

/* Begin PBXVariantGroup section */
		C573C1421E68607C002BE3CA /* Main.storyboard */ = {
			isa = PBXVariantGroup;
			children = (
				C573C1431E68607C002BE3CA /* Base */,
			);
			name = Main.storyboard;
			sourceTree = "<group>";
		};
		C573C1471E68607C002BE3CA /* LaunchScreen.storyboard */ = {
			isa = PBXVariantGroup;
			children = (
				C573C1481E68607C002BE3CA /* Base */,
			);
			name = LaunchScreen.storyboard;
			sourceTree = "<group>";
		};
/* End PBXVariantGroup section */

/* Begin XCBuildConfiguration section */
		C573C1611E68607C002BE3CA /* Debug */ = {
			isa = XCBuildConfiguration;
			buildSettings = {
				ALWAYS_SEARCH_USER_PATHS = NO;
				CLANG_ANALYZER_NONNULL = YES;
				CLANG_CXX_LANGUAGE_STANDARD = "gnu++0x";
				CLANG_CXX_LIBRARY = "libc++";
				CLANG_ENABLE_MODULES = YES;
				CLANG_ENABLE_OBJC_ARC = YES;
				CLANG_WARN_BOOL_CONVERSION = YES;
				CLANG_WARN_CONSTANT_CONVERSION = YES;
				CLANG_WARN_DIRECT_OBJC_ISA_USAGE = YES_ERROR;
				CLANG_WARN_DOCUMENTATION_COMMENTS = YES;
				CLANG_WARN_EMPTY_BODY = YES;
				CLANG_WARN_ENUM_CONVERSION = YES;
				CLANG_WARN_INFINITE_RECURSION = YES;
				CLANG_WARN_INT_CONVERSION = YES;
				CLANG_WARN_OBJC_ROOT_CLASS = YES_ERROR;
				CLANG_WARN_SUSPICIOUS_MOVE = YES;
				CLANG_WARN_UNREACHABLE_CODE = YES;
				CLANG_WARN__DUPLICATE_METHOD_MATCH = YES;
				"CODE_SIGN_IDENTITY[sdk=iphoneos*]" = "iPhone Developer";
				COPY_PHASE_STRIP = NO;
				DEBUG_INFORMATION_FORMAT = dwarf;
				ENABLE_STRICT_OBJC_MSGSEND = YES;
				ENABLE_TESTABILITY = YES;
				GCC_C_LANGUAGE_STANDARD = gnu99;
				GCC_DYNAMIC_NO_PIC = NO;
				GCC_NO_COMMON_BLOCKS = YES;
				GCC_OPTIMIZATION_LEVEL = 0;
				GCC_PREPROCESSOR_DEFINITIONS = (
					"DEBUG=1",
					"$(inherited)",
				);
				GCC_WARN_64_TO_32_BIT_CONVERSION = YES;
				GCC_WARN_ABOUT_RETURN_TYPE = YES_ERROR;
				GCC_WARN_UNDECLARED_SELECTOR = YES;
				GCC_WARN_UNINITIALIZED_AUTOS = YES_AGGRESSIVE;
				GCC_WARN_UNUSED_FUNCTION = YES;
				GCC_WARN_UNUSED_VARIABLE = YES;
				IPHONEOS_DEPLOYMENT_TARGET = 10.2;
				MTL_ENABLE_DEBUG_INFO = YES;
				ONLY_ACTIVE_ARCH = YES;
				SDKROOT = iphoneos;
				SWIFT_ACTIVE_COMPILATION_CONDITIONS = DEBUG;
				SWIFT_OPTIMIZATION_LEVEL = "-Onone";
			};
			name = Debug;
		};
		C573C1621E68607C002BE3CA /* Release */ = {
			isa = XCBuildConfiguration;
			buildSettings = {
				ALWAYS_SEARCH_USER_PATHS = NO;
				CLANG_ANALYZER_NONNULL = YES;
				CLANG_CXX_LANGUAGE_STANDARD = "gnu++0x";
				CLANG_CXX_LIBRARY = "libc++";
				CLANG_ENABLE_MODULES = YES;
				CLANG_ENABLE_OBJC_ARC = YES;
				CLANG_WARN_BOOL_CONVERSION = YES;
				CLANG_WARN_CONSTANT_CONVERSION = YES;
				CLANG_WARN_DIRECT_OBJC_ISA_USAGE = YES_ERROR;
				CLANG_WARN_DOCUMENTATION_COMMENTS = YES;
				CLANG_WARN_EMPTY_BODY = YES;
				CLANG_WARN_ENUM_CONVERSION = YES;
				CLANG_WARN_INFINITE_RECURSION = YES;
				CLANG_WARN_INT_CONVERSION = YES;
				CLANG_WARN_OBJC_ROOT_CLASS = YES_ERROR;
				CLANG_WARN_SUSPICIOUS_MOVE = YES;
				CLANG_WARN_UNREACHABLE_CODE = YES;
				CLANG_WARN__DUPLICATE_METHOD_MATCH = YES;
				"CODE_SIGN_IDENTITY[sdk=iphoneos*]" = "iPhone Developer";
				COPY_PHASE_STRIP = NO;
				DEBUG_INFORMATION_FORMAT = "dwarf-with-dsym";
				ENABLE_NS_ASSERTIONS = NO;
				ENABLE_STRICT_OBJC_MSGSEND = YES;
				GCC_C_LANGUAGE_STANDARD = gnu99;
				GCC_NO_COMMON_BLOCKS = YES;
				GCC_WARN_64_TO_32_BIT_CONVERSION = YES;
				GCC_WARN_ABOUT_RETURN_TYPE = YES_ERROR;
				GCC_WARN_UNDECLARED_SELECTOR = YES;
				GCC_WARN_UNINITIALIZED_AUTOS = YES_AGGRESSIVE;
				GCC_WARN_UNUSED_FUNCTION = YES;
				GCC_WARN_UNUSED_VARIABLE = YES;
				IPHONEOS_DEPLOYMENT_TARGET = 10.2;
				MTL_ENABLE_DEBUG_INFO = NO;
				SDKROOT = iphoneos;
				SWIFT_OPTIMIZATION_LEVEL = "-Owholemodule";
				VALIDATE_PRODUCT = YES;
			};
			name = Release;
		};
		C573C1641E68607C002BE3CA /* Debug */ = {
			isa = XCBuildConfiguration;
			buildSettings = {
				ASSETCATALOG_COMPILER_APPICON_NAME = AppIcon;
				DEVELOPMENT_TEAM = V77QHBGR7U;
				INFOPLIST_FILE = bhk/Info.plist;
				LD_RUNPATH_SEARCH_PATHS = "$(inherited) @executable_path/Frameworks";
				PRODUCT_BUNDLE_IDENTIFIER = com.sawankumar.bhk;
				PRODUCT_NAME = "$(TARGET_NAME)";
				SWIFT_VERSION = 3.0;
			};
			name = Debug;
		};
		C573C1651E68607C002BE3CA /* Release */ = {
			isa = XCBuildConfiguration;
			buildSettings = {
				ASSETCATALOG_COMPILER_APPICON_NAME = AppIcon;
				DEVELOPMENT_TEAM = V77QHBGR7U;
				INFOPLIST_FILE = bhk/Info.plist;
				LD_RUNPATH_SEARCH_PATHS = "$(inherited) @executable_path/Frameworks";
				PRODUCT_BUNDLE_IDENTIFIER = com.sawankumar.bhk;
				PRODUCT_NAME = "$(TARGET_NAME)";
				SWIFT_VERSION = 3.0;
			};
			name = Release;
		};
		C573C1671E68607C002BE3CA /* Debug */ = {
			isa = XCBuildConfiguration;
			buildSettings = {
				ALWAYS_EMBED_SWIFT_STANDARD_LIBRARIES = YES;
				BUNDLE_LOADER = "$(TEST_HOST)";
				DEVELOPMENT_TEAM = V77QHBGR7U;
				INFOPLIST_FILE = bhkTests/Info.plist;
				LD_RUNPATH_SEARCH_PATHS = "$(inherited) @executable_path/Frameworks @loader_path/Frameworks";
				PRODUCT_BUNDLE_IDENTIFIER = com.sawankumar.bhkTests;
				PRODUCT_NAME = "$(TARGET_NAME)";
				SWIFT_VERSION = 3.0;
				TEST_HOST = "$(BUILT_PRODUCTS_DIR)/bhk.app/bhk";
			};
			name = Debug;
		};
		C573C1681E68607C002BE3CA /* Release */ = {
			isa = XCBuildConfiguration;
			buildSettings = {
				ALWAYS_EMBED_SWIFT_STANDARD_LIBRARIES = YES;
				BUNDLE_LOADER = "$(TEST_HOST)";
				DEVELOPMENT_TEAM = V77QHBGR7U;
				INFOPLIST_FILE = bhkTests/Info.plist;
				LD_RUNPATH_SEARCH_PATHS = "$(inherited) @executable_path/Frameworks @loader_path/Frameworks";
				PRODUCT_BUNDLE_IDENTIFIER = com.sawankumar.bhkTests;
				PRODUCT_NAME = "$(TARGET_NAME)";
				SWIFT_VERSION = 3.0;
				TEST_HOST = "$(BUILT_PRODUCTS_DIR)/bhk.app/bhk";
			};
			name = Release;
		};
		C573C16A1E68607C002BE3CA /* Debug */ = {
			isa = XCBuildConfiguration;
			buildSettings = {
				ALWAYS_EMBED_SWIFT_STANDARD_LIBRARIES = YES;
				DEVELOPMENT_TEAM = V77QHBGR7U;
				INFOPLIST_FILE = bhkUITests/Info.plist;
				LD_RUNPATH_SEARCH_PATHS = "$(inherited) @executable_path/Frameworks @loader_path/Frameworks";
				PRODUCT_BUNDLE_IDENTIFIER = com.sawankumar.bhkUITests;
				PRODUCT_NAME = "$(TARGET_NAME)";
				SWIFT_VERSION = 3.0;
				TEST_TARGET_NAME = bhk;
			};
			name = Debug;
		};
		C573C16B1E68607C002BE3CA /* Release */ = {
			isa = XCBuildConfiguration;
			buildSettings = {
				ALWAYS_EMBED_SWIFT_STANDARD_LIBRARIES = YES;
				DEVELOPMENT_TEAM = V77QHBGR7U;
				INFOPLIST_FILE = bhkUITests/Info.plist;
				LD_RUNPATH_SEARCH_PATHS = "$(inherited) @executable_path/Frameworks @loader_path/Frameworks";
				PRODUCT_BUNDLE_IDENTIFIER = com.sawankumar.bhkUITests;
				PRODUCT_NAME = "$(TARGET_NAME)";
				SWIFT_VERSION = 3.0;
				TEST_TARGET_NAME = bhk;
			};
			name = Release;
		};
/* End XCBuildConfiguration section */

/* Begin XCConfigurationList section */
		C573C1361E68607C002BE3CA /* Build configuration list for PBXProject "bhk" */ = {
			isa = XCConfigurationList;
			buildConfigurations = (
				C573C1611E68607C002BE3CA /* Debug */,
				C573C1621E68607C002BE3CA /* Release */,
			);
			defaultConfigurationIsVisible = 0;
			defaultConfigurationName = Release;
		};
		C573C1631E68607C002BE3CA /* Build configuration list for PBXNativeTarget "bhk" */ = {
			isa = XCConfigurationList;
			buildConfigurations = (
				C573C1641E68607C002BE3CA /* Debug */,
				C573C1651E68607C002BE3CA /* Release */,
			);
			defaultConfigurationIsVisible = 0;
		};
		C573C1661E68607C002BE3CA /* Build configuration list for PBXNativeTarget "bhkTests" */ = {
			isa = XCConfigurationList;
			buildConfigurations = (
				C573C1671E68607C002BE3CA /* Debug */,
				C573C1681E68607C002BE3CA /* Release */,
			);
			defaultConfigurationIsVisible = 0;
		};
		C573C1691E68607C002BE3CA /* Build configuration list for PBXNativeTarget "bhkUITests" */ = {
			isa = XCConfigurationList;
			buildConfigurations = (
				C573C16A1E68607C002BE3CA /* Debug */,
				C573C16B1E68607C002BE3CA /* Release */,
			);
			defaultConfigurationIsVisible = 0;
		};
/* End XCConfigurationList section */
	};
	rootObject = C573C1331E68607C002BE3CA /* Project object */;
}
